
Microsoft Visual Studio Solution File, Format Version 12.00
# Visual Studio Version 16
VisualStudioVersion = 16.0.31205.134
MinimumVisualStudioVersion = 10.0.40219.1
Project("{FAE04EC0-301F-11D3-BF4B-00C04F79EFBC}") = "doctor_CRUD", "doctor_CRUD\doctor_CRUD.csproj", "{6C1FC66C-BFB1-4B38-9EA8-D0B08A918558}"
EndProject
Global
	GlobalSection(SolutionConfigurationPlatforms) = preSolution
		Debug|Any CPU = Debug|Any CPU
		Release|Any CPU = Release|Any CPU
	EndGlobalSection
	GlobalSection(ProjectConfigurationPlatforms) = postSolution
		{6C1FC66C-BFB1-4B38-9EA8-D0B08A918558}.Debug|Any CPU.ActiveCfg = Debug|Any CPU
		{6C1FC66C-BFB1-4B38-9EA8-D0B08A918558}.Debug|Any CPU.Build.0 = Debug|Any CPU
		{6C1FC66C-BFB1-4B38-9EA8-D0B08A918558}.Release|Any CPU.ActiveCfg = Release|Any CPU
		{6C1FC66C-BFB1-4B38-9EA8-D0B08A918558}.Release|Any CPU.Build.0 = Release|Any CPU
	EndGlobalSection
	GlobalSection(SolutionProperties) = preSolution
		HideSolutionNode = FALSE
	EndGlobalSection
	GlobalSection(ExtensibilityGlobals) = postSolution
		SolutionGuid = {4939EE2F-CDE2-4D85-9D7F-26007E9963A0}
	EndGlobalSection
EndGlobal
